// !$*UTF8*$!
{
	archiveVersion = 1;
	classes = {
	};
	objectVersion = 48;
	objects = {

/* Begin PBXBuildFile section */
		300549AA1FE4CCB90095778C /* FJTimeScaleBlankCell.m in Sources */ = {isa = PBXBuildFile; fileRef = 300549A11FE4CCB90095778C /* FJTimeScaleBlankCell.m */; };
		300549AB1FE4CCB90095778C /* FJTimeScaleCell.m in Sources */ = {isa = PBXBuildFile; fileRef = 300549A31FE4CCB90095778C /* FJTimeScaleCell.m */; };
		300549AC1FE4CCB90095778C /* FJTimeScaleModel.m in Sources */ = {isa = PBXBuildFile; fileRef = 300549A51FE4CCB90095778C /* FJTimeScaleModel.m */; };
		300549AD1FE4CCB90095778C /* FJTimeScaleStyle.m in Sources */ = {isa = PBXBuildFile; fileRef = 300549A71FE4CCB90095778C /* FJTimeScaleStyle.m */; };
		300549AE1FE4CCB90095778C /* FJTimeSelectorView.m in Sources */ = {isa = PBXBuildFile; fileRef = 300549A91FE4CCB90095778C /* FJTimeSelectorView.m */; };
		30AC624D1FDBC1EE0094CEF2 /* MDMTimeSelectorView.m in Sources */ = {isa = PBXBuildFile; fileRef = 30AC624B1FDBC1EE0094CEF2 /* MDMTimeSelectorView.m */; };
		30AC624E1FDBC1EE0094CEF2 /* MDMSetChildrenAgeView.m in Sources */ = {isa = PBXBuildFile; fileRef = 30AC624C1FDBC1EE0094CEF2 /* MDMSetChildrenAgeView.m */; };
		30AC62531FDBC23E0094CEF2 /* NSString+DayCount.m in Sources */ = {isa = PBXBuildFile; fileRef = 30AC62521FDBC23E0094CEF2 /* NSString+DayCount.m */; };
		30AC62771FDBC3F00094CEF2 /* UIColor+APPColor.m in Sources */ = {isa = PBXBuildFile; fileRef = 30AC62761FDBC3F00094CEF2 /* UIColor+APPColor.m */; };
		30AC627B1FDBC3F80094CEF2 /* UIFont+APPFont.m in Sources */ = {isa = PBXBuildFile; fileRef = 30AC627A1FDBC3F80094CEF2 /* UIFont+APPFont.m */; };
		30BBA4C81FD646D5002B723F /* AppDelegate.m in Sources */ = {isa = PBXBuildFile; fileRef = 30BBA4C71FD646D5002B723F /* AppDelegate.m */; };
		30BBA4CB1FD646D5002B723F /* ViewController.m in Sources */ = {isa = PBXBuildFile; fileRef = 30BBA4CA1FD646D5002B723F /* ViewController.m */; };
		30BBA4CE1FD646D5002B723F /* Main.storyboard in Resources */ = {isa = PBXBuildFile; fileRef = 30BBA4CC1FD646D5002B723F /* Main.storyboard */; };
		30BBA4D01FD646D5002B723F /* Assets.xcassets in Resources */ = {isa = PBXBuildFile; fileRef = 30BBA4CF1FD646D5002B723F /* Assets.xcassets */; };
		30BBA4D31FD646D5002B723F /* LaunchScreen.storyboard in Resources */ = {isa = PBXBuildFile; fileRef = 30BBA4D11FD646D5002B723F /* LaunchScreen.storyboard */; };
		30BBA4D61FD646D5002B723F /* main.m in Sources */ = {isa = PBXBuildFile; fileRef = 30BBA4D51FD646D5002B723F /* main.m */; };
		30BBA4E01FD646D5002B723F /* FJTimeSelectorDemoTests.m in Sources */ = {isa = PBXBuildFile; fileRef = 30BBA4DF1FD646D5002B723F /* FJTimeSelectorDemoTests.m */; };
		30BBA4EB1FD646D5002B723F /* FJTimeSelectorDemoUITests.m in Sources */ = {isa = PBXBuildFile; fileRef = 30BBA4EA1FD646D5002B723F /* FJTimeSelectorDemoUITests.m */; };
/* End PBXBuildFile section */

/* Begin PBXContainerItemProxy section */
		30BBA4DC1FD646D5002B723F /* PBXContainerItemProxy */ = {
			isa = PBXContainerItemProxy;
			containerPortal = 30BBA4BB1FD646D5002B723F /* Project object */;
			proxyType = 1;
			remoteGlobalIDString = 30BBA4C21FD646D5002B723F;
			remoteInfo = FJTimeSelectorDemo;
		};
		30BBA4E71FD646D5002B723F /* PBXContainerItemProxy */ = {
			isa = PBXContainerItemProxy;
			containerPortal = 30BBA4BB1FD646D5002B723F /* Project object */;
			proxyType = 1;
			remoteGlobalIDString = 30BBA4C21FD646D5002B723F;
			remoteInfo = FJTimeSelectorDemo;
		};
/* End PBXContainerItemProxy section */

/* Begin PBXFileReference section */
		300549A01FE4CCB90095778C /* FJTimeScaleBlankCell.h */ = {isa = PBXFileReference; fileEncoding = 4; lastKnownFileType = sourcecode.c.h; path = FJTimeScaleBlankCell.h; sourceTree = "<group>"; };
		300549A11FE4CCB90095778C /* FJTimeScaleBlankCell.m */ = {isa = PBXFileReference; fileEncoding = 4; lastKnownFileType = sourcecode.c.objc; path = FJTimeScaleBlankCell.m; sourceTree = "<group>"; };
		300549A21FE4CCB90095778C /* FJTimeScaleCell.h */ = {isa = PBXFileReference; fileEncoding = 4; lastKnownFileType = sourcecode.c.h; path = FJTimeScaleCell.h; sourceTree = "<group>"; };
		300549A31FE4CCB90095778C /* FJTimeScaleCell.m */ = {isa = PBXFileReference; fileEncoding = 4; lastKnownFileType = sourcecode.c.objc; path = FJTimeScaleCell.m; sourceTree = "<group>"; };
		300549A41FE4CCB90095778C /* FJTimeScaleModel.h */ = {isa = PBXFileReference; fileEncoding = 4; lastKnownFileType = sourcecode.c.h; path = FJTimeScaleModel.h; sourceTree = "<group>"; };
		300549A51FE4CCB90095778C /* FJTimeScaleModel.m */ = {isa = PBXFileReference; fileEncoding = 4; lastKnownFileType = sourcecode.c.objc; path = FJTimeScaleModel.m; sourceTree = "<group>"; };
		300549A61FE4CCB90095778C /* FJTimeScaleStyle.h */ = {isa = PBXFileReference; fileEncoding = 4; lastKnownFileType = sourcecode.c.h; path = FJTimeScaleStyle.h; sourceTree = "<group>"; };
		300549A71FE4CCB90095778C /* FJTimeScaleStyle.m */ = {isa = PBXFileReference; fileEncoding = 4; lastKnownFileType = sourcecode.c.objc; path = FJTimeScaleStyle.m; sourceTree = "<group>"; };
		300549A81FE4CCB90095778C /* FJTimeSelectorView.h */ = {isa = PBXFileReference; fileEncoding = 4; lastKnownFileType = sourcecode.c.h; path = FJTimeSelectorView.h; sourceTree = "<group>"; };
		300549A91FE4CCB90095778C /* FJTimeSelectorView.m */ = {isa = PBXFileReference; fileEncoding = 4; lastKnownFileType = sourcecode.c.objc; path = FJTimeSelectorView.m; sourceTree = "<group>"; };
		30AC62491FDBC1EE0094CEF2 /* MDMSetChildrenAgeView.h */ = {isa = PBXFileReference; fileEncoding = 4; lastKnownFileType = sourcecode.c.h; path = MDMSetChildrenAgeView.h; sourceTree = "<group>"; };
		30AC624A1FDBC1EE0094CEF2 /* MDMTimeSelectorView.h */ = {isa = PBXFileReference; fileEncoding = 4; lastKnownFileType = sourcecode.c.h; path = MDMTimeSelectorView.h; sourceTree = "<group>"; };
		30AC624B1FDBC1EE0094CEF2 /* MDMTimeSelectorView.m */ = {isa = PBXFileReference; fileEncoding = 4; lastKnownFileType = sourcecode.c.objc; path = MDMTimeSelectorView.m; sourceTree = "<group>"; };
		30AC624C1FDBC1EE0094CEF2 /* MDMSetChildrenAgeView.m */ = {isa = PBXFileReference; fileEncoding = 4; lastKnownFileType = sourcecode.c.objc; path = MDMSetChildrenAgeView.m; sourceTree = "<group>"; };
		30AC62511FDBC23E0094CEF2 /* NSString+DayCount.h */ = {isa = PBXFileReference; fileEncoding = 4; lastKnownFileType = sourcecode.c.h; path = "NSString+DayCount.h"; sourceTree = "<group>"; };
		30AC62521FDBC23E0094CEF2 /* NSString+DayCount.m */ = {isa = PBXFileReference; fileEncoding = 4; lastKnownFileType = sourcecode.c.objc; path = "NSString+DayCount.m"; sourceTree = "<group>"; };
		30AC62751FDBC3F00094CEF2 /* UIColor+APPColor.h */ = {isa = PBXFileReference; fileEncoding = 4; lastKnownFileType = sourcecode.c.h; path = "UIColor+APPColor.h"; sourceTree = "<group>"; };
		30AC62761FDBC3F00094CEF2 /* UIColor+APPColor.m */ = {isa = PBXFileReference; fileEncoding = 4; lastKnownFileType = sourcecode.c.objc; path = "UIColor+APPColor.m"; sourceTree = "<group>"; };
		30AC62791FDBC3F80094CEF2 /* UIFont+APPFont.h */ = {isa = PBXFileReference; fileEncoding = 4; lastKnownFileType = sourcecode.c.h; path = "UIFont+APPFont.h"; sourceTree = "<group>"; };
		30AC627A1FDBC3F80094CEF2 /* UIFont+APPFont.m */ = {isa = PBXFileReference; fileEncoding = 4; lastKnownFileType = sourcecode.c.objc; path = "UIFont+APPFont.m"; sourceTree = "<group>"; };
		30BBA4C31FD646D5002B723F /* FJTimeSelectorDemo.app */ = {isa = PBXFileReference; explicitFileType = wrapper.application; includeInIndex = 0; path = FJTimeSelectorDemo.app; sourceTree = BUILT_PRODUCTS_DIR; };
		30BBA4C61FD646D5002B723F /* AppDelegate.h */ = {isa = PBXFileReference; lastKnownFileType = sourcecode.c.h; path = AppDelegate.h; sourceTree = "<group>"; };
		30BBA4C71FD646D5002B723F /* AppDelegate.m */ = {isa = PBXFileReference; lastKnownFileType = sourcecode.c.objc; path = AppDelegate.m; sourceTree = "<group>"; };
		30BBA4C91FD646D5002B723F /* ViewController.h */ = {isa = PBXFileReference; lastKnownFileType = sourcecode.c.h; path = ViewController.h; sourceTree = "<group>"; };
		30BBA4CA1FD646D5002B723F /* ViewController.m */ = {isa = PBXFileReference; lastKnownFileType = sourcecode.c.objc; path = ViewController.m; sourceTree = "<group>"; };
		30BBA4CD1FD646D5002B723F /* Base */ = {isa = PBXFileReference; lastKnownFileType = file.storyboard; name = Base; path = Base.lproj/Main.storyboard; sourceTree = "<group>"; };
		30BBA4CF1FD646D5002B723F /* Assets.xcassets */ = {isa = PBXFileReference; lastKnownFileType = folder.assetcatalog; path = Assets.xcassets; sourceTree = "<group>"; };
		30BBA4D21FD646D5002B723F /* Base */ = {isa = PBXFileReference; lastKnownFileType = file.storyboard; name = Base; path = Base.lproj/LaunchScreen.storyboard; sourceTree = "<group>"; };
		30BBA4D41FD646D5002B723F /* Info.plist */ = {isa = PBXFileReference; lastKnownFileType = text.plist.xml; path = Info.plist; sourceTree = "<group>"; };
		30BBA4D51FD646D5002B723F /* main.m */ = {isa = PBXFileReference; lastKnownFileType = sourcecode.c.objc; path = main.m; sourceTree = "<group>"; };
		30BBA4DB1FD646D5002B723F /* FJTimeSelectorDemoTests.xctest */ = {isa = PBXFileReference; explicitFileType = wrapper.cfbundle; includeInIndex = 0; path = FJTimeSelectorDemoTests.xctest; sourceTree = BUILT_PRODUCTS_DIR; };
		30BBA4DF1FD646D5002B723F /* FJTimeSelectorDemoTests.m */ = {isa = PBXFileReference; lastKnownFileType = sourcecode.c.objc; path = FJTimeSelectorDemoTests.m; sourceTree = "<group>"; };
		30BBA4E11FD646D5002B723F /* Info.plist */ = {isa = PBXFileReference; lastKnownFileType = text.plist.xml; path = Info.plist; sourceTree = "<group>"; };
		30BBA4E61FD646D5002B723F /* FJTimeSelectorDemoUITests.xctest */ = {isa = PBXFileReference; explicitFileType = wrapper.cfbundle; includeInIndex = 0; path = FJTimeSelectorDemoUITests.xctest; sourceTree = BUILT_PRODUCTS_DIR; };
		30BBA4EA1FD646D5002B723F /* FJTimeSelectorDemoUITests.m */ = {isa = PBXFileReference; lastKnownFileType = sourcecode.c.objc; path = FJTimeSelectorDemoUITests.m; sourceTree = "<group>"; };
		30BBA4EC1FD646D5002B723F /* Info.plist */ = {isa = PBXFileReference; lastKnownFileType = text.plist.xml; path = Info.plist; sourceTree = "<group>"; };
/* End PBXFileReference section */

/* Begin PBXFrameworksBuildPhase section */
		30BBA4C01FD646D5002B723F /* Frameworks */ = {
			isa = PBXFrameworksBuildPhase;
			buildActionMask = 2147483647;
			files = (
			);
			runOnlyForDeploymentPostprocessing = 0;
		};
		30BBA4D81FD646D5002B723F /* Frameworks */ = {
			isa = PBXFrameworksBuildPhase;
			buildActionMask = 2147483647;
			files = (
			);
			runOnlyForDeploymentPostprocessing = 0;
		};
		30BBA4E31FD646D5002B723F /* Frameworks */ = {
			isa = PBXFrameworksBuildPhase;
			buildActionMask = 2147483647;
			files = (
			);
			runOnlyForDeploymentPostprocessing = 0;
		};
/* End PBXFrameworksBuildPhase section */

/* Begin PBXGroup section */
		3005499F1FE4CCB90095778C /* FJTimeSelectorView */ = {
			isa = PBXGroup;
			children = (
				300549A01FE4CCB90095778C /* FJTimeScaleBlankCell.h */,
				300549A11FE4CCB90095778C /* FJTimeScaleBlankCell.m */,
				300549A21FE4CCB90095778C /* FJTimeScaleCell.h */,
				300549A31FE4CCB90095778C /* FJTimeScaleCell.m */,
				300549A41FE4CCB90095778C /* FJTimeScaleModel.h */,
				300549A51FE4CCB90095778C /* FJTimeScaleModel.m */,
				300549A61FE4CCB90095778C /* FJTimeScaleStyle.h */,
				300549A71FE4CCB90095778C /* FJTimeScaleStyle.m */,
				300549A81FE4CCB90095778C /* FJTimeSelectorView.h */,
				300549A91FE4CCB90095778C /* FJTimeSelectorView.m */,
			);
			path = FJTimeSelectorView;
			sourceTree = SOURCE_ROOT;
		};
		30AC624F1FDBC23E0094CEF2 /* Category */ = {
			isa = PBXGroup;
			children = (
				30AC62781FDBC3F80094CEF2 /* UIFont */,
				30AC62741FDBC3F00094CEF2 /* UIColor */,
				30AC62501FDBC23E0094CEF2 /* NSString */,
			);
			path = Category;
			sourceTree = "<group>";
		};
		30AC62501FDBC23E0094CEF2 /* NSString */ = {
			isa = PBXGroup;
			children = (
				30AC62511FDBC23E0094CEF2 /* NSString+DayCount.h */,
				30AC62521FDBC23E0094CEF2 /* NSString+DayCount.m */,
			);
			path = NSString;
			sourceTree = "<group>";
		};
		30AC62741FDBC3F00094CEF2 /* UIColor */ = {
			isa = PBXGroup;
			children = (
				30AC62751FDBC3F00094CEF2 /* UIColor+APPColor.h */,
				30AC62761FDBC3F00094CEF2 /* UIColor+APPColor.m */,
			);
			path = UIColor;
			sourceTree = "<group>";
		};
		30AC62781FDBC3F80094CEF2 /* UIFont */ = {
			isa = PBXGroup;
			children = (
				30AC62791FDBC3F80094CEF2 /* UIFont+APPFont.h */,
				30AC627A1FDBC3F80094CEF2 /* UIFont+APPFont.m */,
			);
			path = UIFont;
			sourceTree = "<group>";
		};
		30BBA4BA1FD646D5002B723F = {
			isa = PBXGroup;
			children = (
				30BBA4C51FD646D5002B723F /* FJTimeSelectorDemo */,
				30BBA4DE1FD646D5002B723F /* FJTimeSelectorDemoTests */,
				30BBA4E91FD646D5002B723F /* FJTimeSelectorDemoUITests */,
				30BBA4C41FD646D5002B723F /* Products */,
			);
			sourceTree = "<group>";
		};
		30BBA4C41FD646D5002B723F /* Products */ = {
			isa = PBXGroup;
			children = (
				30BBA4C31FD646D5002B723F /* FJTimeSelectorDemo.app */,
				30BBA4DB1FD646D5002B723F /* FJTimeSelectorDemoTests.xctest */,
				30BBA4E61FD646D5002B723F /* FJTimeSelectorDemoUITests.xctest */,
			);
			name = Products;
			sourceTree = "<group>";
		};
		30BBA4C51FD646D5002B723F /* FJTimeSelectorDemo */ = {
			isa = PBXGroup;
			children = (
				3005499F1FE4CCB90095778C /* FJTimeSelectorView */,
				30AC624F1FDBC23E0094CEF2 /* Category */,
				30BBA4C61FD646D5002B723F /* AppDelegate.h */,
				30BBA4C71FD646D5002B723F /* AppDelegate.m */,
				30BBA4C91FD646D5002B723F /* ViewController.h */,
				30BBA4CA1FD646D5002B723F /* ViewController.m */,
				30AC62491FDBC1EE0094CEF2 /* MDMSetChildrenAgeView.h */,
				30AC624C1FDBC1EE0094CEF2 /* MDMSetChildrenAgeView.m */,
				30AC624A1FDBC1EE0094CEF2 /* MDMTimeSelectorView.h */,
				30AC624B1FDBC1EE0094CEF2 /* MDMTimeSelectorView.m */,
				30BBA4CC1FD646D5002B723F /* Main.storyboard */,
				30BBA4CF1FD646D5002B723F /* Assets.xcassets */,
				30BBA4D11FD646D5002B723F /* LaunchScreen.storyboard */,
				30BBA4D41FD646D5002B723F /* Info.plist */,
				30BBA4D51FD646D5002B723F /* main.m */,
			);
			path = FJTimeSelectorDemo;
			sourceTree = "<group>";
		};
		30BBA4DE1FD646D5002B723F /* FJTimeSelectorDemoTests */ = {
			isa = PBXGroup;
			children = (
				30BBA4DF1FD646D5002B723F /* FJTimeSelectorDemoTests.m */,
				30BBA4E11FD646D5002B723F /* Info.plist */,
			);
			path = FJTimeSelectorDemoTests;
			sourceTree = "<group>";
		};
		30BBA4E91FD646D5002B723F /* FJTimeSelectorDemoUITests */ = {
			isa = PBXGroup;
			children = (
				30BBA4EA1FD646D5002B723F /* FJTimeSelectorDemoUITests.m */,
				30BBA4EC1FD646D5002B723F /* Info.plist */,
			);
			path = FJTimeSelectorDemoUITests;
			sourceTree = "<group>";
		};
/* End PBXGroup section */

/* Begin PBXNativeTarget section */
		30BBA4C21FD646D5002B723F /* FJTimeSelectorDemo */ = {
			isa = PBXNativeTarget;
			buildConfigurationList = 30BBA4EF1FD646D5002B723F /* Build configuration list for PBXNativeTarget "FJTimeSelectorDemo" */;
			buildPhases = (
				30BBA4BF1FD646D5002B723F /* Sources */,
				30BBA4C01FD646D5002B723F /* Frameworks */,
				30BBA4C11FD646D5002B723F /* Resources */,
			);
			buildRules = (
			);
			dependencies = (
			);
			name = FJTimeSelectorDemo;
			productName = FJTimeSelectorDemo;
			productReference = 30BBA4C31FD646D5002B723F /* FJTimeSelectorDemo.app */;
			productType = "com.apple.product-type.application";
		};
		30BBA4DA1FD646D5002B723F /* FJTimeSelectorDemoTests */ = {
			isa = PBXNativeTarget;
			buildConfigurationList = 30BBA4F21FD646D5002B723F /* Build configuration list for PBXNativeTarget "FJTimeSelectorDemoTests" */;
			buildPhases = (
				30BBA4D71FD646D5002B723F /* Sources */,
				30BBA4D81FD646D5002B723F /* Frameworks */,
				30BBA4D91FD646D5002B723F /* Resources */,
			);
			buildRules = (
			);
			dependencies = (
				30BBA4DD1FD646D5002B723F /* PBXTargetDependency */,
			);
			name = FJTimeSelectorDemoTests;
			productName = FJTimeSelectorDemoTests;
			productReference = 30BBA4DB1FD646D5002B723F /* FJTimeSelectorDemoTests.xctest */;
			productType = "com.apple.product-type.bundle.unit-test";
		};
		30BBA4E51FD646D5002B723F /* FJTimeSelectorDemoUITests */ = {
			isa = PBXNativeTarget;
			buildConfigurationList = 30BBA4F51FD646D5002B723F /* Build configuration list for PBXNativeTarget "FJTimeSelectorDemoUITests" */;
			buildPhases = (
				30BBA4E21FD646D5002B723F /* Sources */,
				30BBA4E31FD646D5002B723F /* Frameworks */,
				30BBA4E41FD646D5002B723F /* Resources */,
			);
			buildRules = (
			);
			dependencies = (
				30BBA4E81FD646D5002B723F /* PBXTargetDependency */,
			);
			name = FJTimeSelectorDemoUITests;
			productName = FJTimeSelectorDemoUITests;
			productReference = 30BBA4E61FD646D5002B723F /* FJTimeSelectorDemoUITests.xctest */;
			productType = "com.apple.product-type.bundle.ui-testing";
		};
/* End PBXNativeTarget section */

/* Begin PBXProject section */
		30BBA4BB1FD646D5002B723F /* Project object */ = {
			isa = PBXProject;
			attributes = {
				LastUpgradeCheck = 0910;
				ORGANIZATIONNAME = fjf;
				TargetAttributes = {
					30BBA4C21FD646D5002B723F = {
						CreatedOnToolsVersion = 9.1;
						ProvisioningStyle = Automatic;
					};
					30BBA4DA1FD646D5002B723F = {
						CreatedOnToolsVersion = 9.1;
						ProvisioningStyle = Automatic;
						TestTargetID = 30BBA4C21FD646D5002B723F;
					};
					30BBA4E51FD646D5002B723F = {
						CreatedOnToolsVersion = 9.1;
						ProvisioningStyle = Automatic;
						TestTargetID = 30BBA4C21FD646D5002B723F;
					};
				};
			};
			buildConfigurationList = 30BBA4BE1FD646D5002B723F /* Build configuration list for PBXProject "FJTimeSelectorDemo" */;
			compatibilityVersion = "Xcode 8.0";
			developmentRegion = en;
			hasScannedForEncodings = 0;
			knownRegions = (
				en,
				Base,
			);
			mainGroup = 30BBA4BA1FD646D5002B723F;
			productRefGroup = 30BBA4C41FD646D5002B723F /* Products */;
			projectDirPath = "";
			projectRoot = "";
			targets = (
				30BBA4C21FD646D5002B723F /* FJTimeSelectorDemo */,
				30BBA4DA1FD646D5002B723F /* FJTimeSelectorDemoTests */,
				30BBA4E51FD646D5002B723F /* FJTimeSelectorDemoUITests */,
			);
		};
/* End PBXProject section */

/* Begin PBXResourcesBuildPhase section */
		30BBA4C11FD646D5002B723F /* Resources */ = {
			isa = PBXResourcesBuildPhase;
			buildActionMask = 2147483647;
			files = (
				30BBA4D31FD646D5002B723F /* LaunchScreen.storyboard in Resources */,
				30BBA4D01FD646D5002B723F /* Assets.xcassets in Resources */,
				30BBA4CE1FD646D5002B723F /* Main.storyboard in Resources */,
			);
			runOnlyForDeploymentPostprocessing = 0;
		};
		30BBA4D91FD646D5002B723F /* Resources */ = {
			isa = PBXResourcesBuildPhase;
			buildActionMask = 2147483647;
			files = (
			);
			runOnlyForDeploymentPostprocessing = 0;
		};
		30BBA4E41FD646D5002B723F /* Resources */ = {
			isa = PBXResourcesBuildPhase;
			buildActionMask = 2147483647;
			files = (
			);
			runOnlyForDeploymentPostprocessing = 0;
		};
/* End PBXResourcesBuildPhase section */

/* Begin PBXSourcesBuildPhase section */
		30BBA4BF1FD646D5002B723F /* Sources */ = {
			isa = PBXSourcesBuildPhase;
			buildActionMask = 2147483647;
			files = (
				30AC624E1FDBC1EE0094CEF2 /* MDMSetChildrenAgeView.m in Sources */,
				300549AD1FE4CCB90095778C /* FJTimeScaleStyle.m in Sources */,
				300549AC1FE4CCB90095778C /* FJTimeScaleModel.m in Sources */,
				300549AA1FE4CCB90095778C /* FJTimeScaleBlankCell.m in Sources */,
				300549AE1FE4CCB90095778C /* FJTimeSelectorView.m in Sources */,
				30BBA4CB1FD646D5002B723F /* ViewController.m in Sources */,
				30BBA4D61FD646D5002B723F /* main.m in Sources */,
				30AC62531FDBC23E0094CEF2 /* NSString+DayCount.m in Sources */,
				30BBA4C81FD646D5002B723F /* AppDelegate.m in Sources */,
				30AC62771FDBC3F00094CEF2 /* UIColor+APPColor.m in Sources */,
				30AC627B1FDBC3F80094CEF2 /* UIFont+APPFont.m in Sources */,
				30AC624D1FDBC1EE0094CEF2 /* MDMTimeSelectorView.m in Sources */,
				300549AB1FE4CCB90095778C /* FJTimeScaleCell.m in Sources */,
			);
			runOnlyForDeploymentPostprocessing = 0;
		};
		30BBA4D71FD646D5002B723F /* Sources */ = {
			isa = PBXSourcesBuildPhase;
			buildActionMask = 2147483647;
			files = (
				30BBA4E01FD646D5002B723F /* FJTimeSelectorDemoTests.m in Sources */,
			);
			runOnlyForDeploymentPostprocessing = 0;
		};
		30BBA4E21FD646D5002B723F /* Sources */ = {
			isa = PBXSourcesBuildPhase;
			buildActionMask = 2147483647;
			files = (
				30BBA4EB1FD646D5002B723F /* FJTimeSelectorDemoUITests.m in Sources */,
			);
			runOnlyForDeploymentPostprocessing = 0;
		};
/* End PBXSourcesBuildPhase section */

/* Begin PBXTargetDependency section */
		30BBA4DD1FD646D5002B723F /* PBXTargetDependency */ = {
			isa = PBXTargetDependency;
			target = 30BBA4C21FD646D5002B723F /* FJTimeSelectorDemo */;
			targetProxy = 30BBA4DC1FD646D5002B723F /* PBXContainerItemProxy */;
		};
		30BBA4E81FD646D5002B723F /* PBXTargetDependency */ = {
			isa = PBXTargetDependency;
			target = 30BBA4C21FD646D5002B723F /* FJTimeSelectorDemo */;
			targetProxy = 30BBA4E71FD646D5002B723F /* PBXContainerItemProxy */;
		};
/* End PBXTargetDependency section */

/* Begin PBXVariantGroup section */
		30BBA4CC1FD646D5002B723F /* Main.storyboard */ = {
			isa = PBXVariantGroup;
			children = (
				30BBA4CD1FD646D5002B723F /* Base */,
			);
			name = Main.storyboard;
			sourceTree = "<group>";
		};
		30BBA4D11FD646D5002B723F /* LaunchScreen.storyboard */ = {
			isa = PBXVariantGroup;
			children = (
				30BBA4D21FD646D5002B723F /* Base */,
			);
			name = LaunchScreen.storyboard;
			sourceTree = "<group>";
		};
/* End PBXVariantGroup section */

/* Begin XCBuildConfiguration section */
		30BBA4ED1FD646D5002B723F /* Debug */ = {
			isa = XCBuildConfiguration;
			buildSettings = {
				ALWAYS_SEARCH_USER_PATHS = NO;
				CLANG_ANALYZER_NONNULL = YES;
				CLANG_ANALYZER_NUMBER_OBJECT_CONVERSION = YES_AGGRESSIVE;
				CLANG_CXX_LANGUAGE_STANDARD = "gnu++14";
				CLANG_CXX_LIBRARY = "libc++";
				CLANG_ENABLE_MODULES = YES;
				CLANG_ENABLE_OBJC_ARC = YES;
				CLANG_WARN_BLOCK_CAPTURE_AUTORELEASING = YES;
				CLANG_WARN_BOOL_CONVERSION = YES;
				CLANG_WARN_COMMA = YES;
				CLANG_WARN_CONSTANT_CONVERSION = YES;
				CLANG_WARN_DIRECT_OBJC_ISA_USAGE = YES_ERROR;
				CLANG_WARN_DOCUMENTATION_COMMENTS = YES;
				CLANG_WARN_EMPTY_BODY = YES;
				CLANG_WARN_ENUM_CONVERSION = YES;
				CLANG_WARN_INFINITE_RECURSION = YES;
				CLANG_WARN_INT_CONVERSION = YES;
				CLANG_WARN_NON_LITERAL_NULL_CONVERSION = YES;
				CLANG_WARN_OBJC_LITERAL_CONVERSION = YES;
				CLANG_WARN_OBJC_ROOT_CLASS = YES_ERROR;
				CLANG_WARN_RANGE_LOOP_ANALYSIS = YES;
				CLANG_WARN_STRICT_PROTOTYPES = YES;
				CLANG_WARN_SUSPICIOUS_MOVE = YES;
				CLANG_WARN_UNGUARDED_AVAILABILITY = YES_AGGRESSIVE;
				CLANG_WARN_UNREACHABLE_CODE = YES;
				CLANG_WARN__DUPLICATE_METHOD_MATCH = YES;
				CODE_SIGN_IDENTITY = "iPhone Developer";
				COPY_PHASE_STRIP = NO;
				DEBUG_INFORMATION_FORMAT = dwarf;
				ENABLE_STRICT_OBJC_MSGSEND = YES;
				ENABLE_TESTABILITY = YES;
				GCC_C_LANGUAGE_STANDARD = gnu11;
				GCC_DYNAMIC_NO_PIC = NO;
				GCC_NO_COMMON_BLOCKS = YES;
				GCC_OPTIMIZATION_LEVEL = 0;
				GCC_PREPROCESSOR_DEFINITIONS = (
					"DEBUG=1",
					"$(inherited)",
				);
				GCC_WARN_64_TO_32_BIT_CONVERSION = YES;
				GCC_WARN_ABOUT_RETURN_TYPE = YES_ERROR;
				GCC_WARN_UNDECLARED_SELECTOR = YES;
				GCC_WARN_UNINITIALIZED_AUTOS = YES_AGGRESSIVE;
				GCC_WARN_UNUSED_FUNCTION = YES;
				GCC_WARN_UNUSED_VARIABLE = YES;
				IPHONEOS_DEPLOYMENT_TARGET = 11.1;
				MTL_ENABLE_DEBUG_INFO = YES;
				ONLY_ACTIVE_ARCH = YES;
				SDKROOT = iphoneos;
			};
			name = Debug;
		};
		30BBA4EE1FD646D5002B723F /* Release */ = {
			isa = XCBuildConfiguration;
			buildSettings = {
				ALWAYS_SEARCH_USER_PATHS = NO;
				CLANG_ANALYZER_NONNULL = YES;
				CLANG_ANALYZER_NUMBER_OBJECT_CONVERSION = YES_AGGRESSIVE;
				CLANG_CXX_LANGUAGE_STANDARD = "gnu++14";
				CLANG_CXX_LIBRARY = "libc++";
				CLANG_ENABLE_MODULES = YES;
				CLANG_ENABLE_OBJC_ARC = YES;
				CLANG_WARN_BLOCK_CAPTURE_AUTORELEASING = YES;
				CLANG_WARN_BOOL_CONVERSION = YES;
				CLANG_WARN_COMMA = YES;
				CLANG_WARN_CONSTANT_CONVERSION = YES;
				CLANG_WARN_DIRECT_OBJC_ISA_USAGE = YES_ERROR;
				CLANG_WARN_DOCUMENTATION_COMMENTS = YES;
				CLANG_WARN_EMPTY_BODY = YES;
				CLANG_WARN_ENUM_CONVERSION = YES;
				CLANG_WARN_INFINITE_RECURSION = YES;
				CLANG_WARN_INT_CONVERSION = YES;
				CLANG_WARN_NON_LITERAL_NULL_CONVERSION = YES;
				CLANG_WARN_OBJC_LITERAL_CONVERSION = YES;
				CLANG_WARN_OBJC_ROOT_CLASS = YES_ERROR;
				CLANG_WARN_RANGE_LOOP_ANALYSIS = YES;
				CLANG_WARN_STRICT_PROTOTYPES = YES;
				CLANG_WARN_SUSPICIOUS_MOVE = YES;
				CLANG_WARN_UNGUARDED_AVAILABILITY = YES_AGGRESSIVE;
				CLANG_WARN_UNREACHABLE_CODE = YES;
				CLANG_WARN__DUPLICATE_METHOD_MATCH = YES;
				CODE_SIGN_IDENTITY = "iPhone Developer";
				COPY_PHASE_STRIP = NO;
				DEBUG_INFORMATION_FORMAT = "dwarf-with-dsym";
				ENABLE_NS_ASSERTIONS = NO;
				ENABLE_STRICT_OBJC_MSGSEND = YES;
				GCC_C_LANGUAGE_STANDARD = gnu11;
				GCC_NO_COMMON_BLOCKS = YES;
				GCC_WARN_64_TO_32_BIT_CONVERSION = YES;
				GCC_WARN_ABOUT_RETURN_TYPE = YES_ERROR;
				GCC_WARN_UNDECLARED_SELECTOR = YES;
				GCC_WARN_UNINITIALIZED_AUTOS = YES_AGGRESSIVE;
				GCC_WARN_UNUSED_FUNCTION = YES;
				GCC_WARN_UNUSED_VARIABLE = YES;
				IPHONEOS_DEPLOYMENT_TARGET = 11.1;
				MTL_ENABLE_DEBUG_INFO = NO;
				SDKROOT = iphoneos;
				VALIDATE_PRODUCT = YES;
			};
			name = Release;
		};
		30BBA4F01FD646D5002B723F /* Debug */ = {
			isa = XCBuildConfiguration;
			buildSettings = {
				ASSETCATALOG_COMPILER_APPICON_NAME = AppIcon;
				CODE_SIGN_STYLE = Automatic;
				DEVELOPMENT_TEAM = 4VP9QPA9R4;
				INFOPLIST_FILE = FJTimeSelectorDemo/Info.plist;
				LD_RUNPATH_SEARCH_PATHS = "$(inherited) @executable_path/Frameworks";
				PRODUCT_BUNDLE_IDENTIFIER = test.FJTimeSelectorDemo;
				PRODUCT_NAME = "$(TARGET_NAME)";
				TARGETED_DEVICE_FAMILY = "1,2";
			};
			name = Debug;
		};
		30BBA4F11FD646D5002B723F /* Release */ = {
			isa = XCBuildConfiguration;
			buildSettings = {
				ASSETCATALOG_COMPILER_APPICON_NAME = AppIcon;
				CODE_SIGN_STYLE = Automatic;
				DEVELOPMENT_TEAM = 4VP9QPA9R4;
				INFOPLIST_FILE = FJTimeSelectorDemo/Info.plist;
				LD_RUNPATH_SEARCH_PATHS = "$(inherited) @executable_path/Frameworks";
				PRODUCT_BUNDLE_IDENTIFIER = test.FJTimeSelectorDemo;
				PRODUCT_NAME = "$(TARGET_NAME)";
				TARGETED_DEVICE_FAMILY = "1,2";
			};
			name = Release;
		};
		30BBA4F31FD646D5002B723F /* Debug */ = {
			isa = XCBuildConfiguration;
			buildSettings = {
				BUNDLE_LOADER = "$(TEST_HOST)";
				CODE_SIGN_STYLE = Automatic;
				INFOPLIST_FILE = FJTimeSelectorDemoTests/Info.plist;
				LD_RUNPATH_SEARCH_PATHS = "$(inherited) @executable_path/Frameworks @loader_path/Frameworks";
				PRODUCT_BUNDLE_IDENTIFIER = test.FJTimeSelectorDemoTests;
				PRODUCT_NAME = "$(TARGET_NAME)";
				TARGETED_DEVICE_FAMILY = "1,2";
				TEST_HOST = "$(BUILT_PRODUCTS_DIR)/FJTimeSelectorDemo.app/FJTimeSelectorDemo";
			};
			name = Debug;
		};
		30BBA4F41FD646D5002B723F /* Release */ = {
			isa = XCBuildConfiguration;
			buildSettings = {
				BUNDLE_LOADER = "$(TEST_HOST)";
				CODE_SIGN_STYLE = Automatic;
				INFOPLIST_FILE = FJTimeSelectorDemoTests/Info.plist;
				LD_RUNPATH_SEARCH_PATHS = "$(inherited) @executable_path/Frameworks @loader_path/Frameworks";
				PRODUCT_BUNDLE_IDENTIFIER = test.FJTimeSelectorDemoTests;
				PRODUCT_NAME = "$(TARGET_NAME)";
				TARGETED_DEVICE_FAMILY = "1,2";
				TEST_HOST = "$(BUILT_PRODUCTS_DIR)/FJTimeSelectorDemo.app/FJTimeSelectorDemo";
			};
			name = Release;
		};
		30BBA4F61FD646D5002B723F /* Debug */ = {
			isa = XCBuildConfiguration;
			buildSettings = {
				CODE_SIGN_STYLE = Automatic;
				INFOPLIST_FILE = FJTimeSelectorDemoUITests/Info.plist;
				LD_RUNPATH_SEARCH_PATHS = "$(inherited) @executable_path/Frameworks @loader_path/Frameworks";
				PRODUCT_BUNDLE_IDENTIFIER = test.FJTimeSelectorDemoUITests;
				PRODUCT_NAME = "$(TARGET_NAME)";
				TARGETED_DEVICE_FAMILY = "1,2";
				TEST_TARGET_NAME = FJTimeSelectorDemo;
			};
			name = Debug;
		};
		30BBA4F71FD646D5002B723F /* Release */ = {
			isa = XCBuildConfiguration;
			buildSettings = {
				CODE_SIGN_STYLE = Automatic;
				INFOPLIST_FILE = FJTimeSelectorDemoUITests/Info.plist;
				LD_RUNPATH_SEARCH_PATHS = "$(inherited) @executable_path/Frameworks @loader_path/Frameworks";
				PRODUCT_BUNDLE_IDENTIFIER = test.FJTimeSelectorDemoUITests;
				PRODUCT_NAME = "$(TARGET_NAME)";
				TARGETED_DEVICE_FAMILY = "1,2";
				TEST_TARGET_NAME = FJTimeSelectorDemo;
			};
			name = Release;
		};
/* End XCBuildConfiguration section */

/* Begin XCConfigurationList section */
		30BBA4BE1FD646D5002B723F /* Build configuration list for PBXProject "FJTimeSelectorDemo" */ = {
			isa = XCConfigurationList;
			buildConfigurations = (
				30BBA4ED1FD646D5002B723F /* Debug */,
				30BBA4EE1FD646D5002B723F /* Release */,
			);
			defaultConfigurationIsVisible = 0;
			defaultConfigurationName = Release;
		};
		30BBA4EF1FD646D5002B723F /* Build configuration list for PBXNativeTarget "FJTimeSelectorDemo" */ = {
			isa = XCConfigurationList;
			buildConfigurations = (
				30BBA4F01FD646D5002B723F /* Debug */,
				30BBA4F11FD646D5002B723F /* Release */,
			);
			defaultConfigurationIsVisible = 0;
			defaultConfigurationName = Release;
		};
		30BBA4F21FD646D5002B723F /* Build configuration list for PBXNativeTarget "FJTimeSelectorDemoTests" */ = {
			isa = XCConfigurationList;
			buildConfigurations = (
				30BBA4F31FD646D5002B723F /* Debug */,
				30BBA4F41FD646D5002B723F /* Release */,
			);
			defaultConfigurationIsVisible = 0;
			defaultConfigurationName = Release;
		};
		30BBA4F51FD646D5002B723F /* Build configuration list for PBXNativeTarget "FJTimeSelectorDemoUITests" */ = {
			isa = XCConfigurationList;
			buildConfigurations = (
				30BBA4F61FD646D5002B723F /* Debug */,
				30BBA4F71FD646D5002B723F /* Release */,
			);
			defaultConfigurationIsVisible = 0;
			defaultConfigurationName = Release;
		};
/* End XCConfigurationList section */
	};
	rootObject = 30BBA4BB1FD646D5002B723F /* Project object */;
}
